
Microsoft Visual Studio Solution File, Format Version 12.00
# Visual Studio Version 17
VisualStudioVersion = 17.0.31612.314
MinimumVisualStudioVersion = 10.0.40219.1
Project("{9A19103F-16F7-4668-BE54-9A1E7A4F7556}") = "Chat.Web", "Chat.Web\Chat.Web.csproj", "{07BF491F-D61C-4F01-BFFA-A644E99ACA72}"
EndProject
Project("{9A19103F-16F7-4668-BE54-9A1E7A4F7556}") = "Chat.Web.Code", "Chat.Web.Code\Chat.Web.Code.csproj", "{15B7E820-38C8-48BB-9D45-250341A4EB48}"
EndProject
Project("{9A19103F-16F7-4668-BE54-9A1E7A4F7556}") = "Chat.Application", "Chat.Application\Chat.Application.csproj", "{873AAD94-5C03-4A22-A2AC-B6ADF8B56583}"
EndProject
Project("{9A19103F-16F7-4668-BE54-9A1E7A4F7556}") = "Chat.Code", "Chat.Code\Chat.Code.csproj", "{A6AF8C4B-F09F-448B-B635-34179A1C9800}"
EndProject
Project("{9A19103F-16F7-4668-BE54-9A1E7A4F7556}") = "Chat.EntityFrameworkCore", "Chat.EntityFrameworkCore\Chat.EntityFrameworkCore.csproj", "{6EC69BD8-DEAB-4005-82AA-D5B799E74FA8}"
EndProject
Project("{9A19103F-16F7-4668-BE54-9A1E7A4F7556}") = "Chat.Uitl", "Chat.Uitl\Chat.Uitl.csproj", "{6E76F86A-E477-4CDC-9626-E01E071AA9B2}"
EndProject
Project("{9A19103F-16F7-4668-BE54-9A1E7A4F7556}") = "Chat.MongoDB", "Chat.MongoDB\Chat.MongoDB.csproj", "{41C9DF01-576C-40DD-A859-488C42D68D37}"
EndProject
Global
	GlobalSection(SolutionConfigurationPlatforms) = preSolution
		Debug|Any CPU = Debug|Any CPU
		Release|Any CPU = Release|Any CPU
	EndGlobalSection
	GlobalSection(ProjectConfigurationPlatforms) = postSolution
		{07BF491F-D61C-4F01-BFFA-A644E99ACA72}.Debug|Any CPU.ActiveCfg = Debug|Any CPU
		{07BF491F-D61C-4F01-BFFA-A644E99ACA72}.Debug|Any CPU.Build.0 = Debug|Any CPU
		{07BF491F-D61C-4F01-BFFA-A644E99ACA72}.Release|Any CPU.ActiveCfg = Release|Any CPU
		{07BF491F-D61C-4F01-BFFA-A644E99ACA72}.Release|Any CPU.Build.0 = Release|Any CPU
		{15B7E820-38C8-48BB-9D45-250341A4EB48}.Debug|Any CPU.ActiveCfg = Debug|Any CPU
		{15B7E820-38C8-48BB-9D45-250341A4EB48}.Debug|Any CPU.Build.0 = Debug|Any CPU
		{15B7E820-38C8-48BB-9D45-250341A4EB48}.Release|Any CPU.ActiveCfg = Release|Any CPU
		{15B7E820-38C8-48BB-9D45-250341A4EB48}.Release|Any CPU.Build.0 = Release|Any CPU
		{873AAD94-5C03-4A22-A2AC-B6ADF8B56583}.Debug|Any CPU.ActiveCfg = Debug|Any CPU
		{873AAD94-5C03-4A22-A2AC-B6ADF8B56583}.Debug|Any CPU.Build.0 = Debug|Any CPU
		{873AAD94-5C03-4A22-A2AC-B6ADF8B56583}.Release|Any CPU.ActiveCfg = Release|Any CPU
		{873AAD94-5C03-4A22-A2AC-B6ADF8B56583}.Release|Any CPU.Build.0 = Release|Any CPU
		{A6AF8C4B-F09F-448B-B635-34179A1C9800}.Debug|Any CPU.ActiveCfg = Debug|Any CPU
		{A6AF8C4B-F09F-448B-B635-34179A1C9800}.Debug|Any CPU.Build.0 = Debug|Any CPU
		{A6AF8C4B-F09F-448B-B635-34179A1C9800}.Release|Any CPU.ActiveCfg = Release|Any CPU
		{A6AF8C4B-F09F-448B-B635-34179A1C9800}.Release|Any CPU.Build.0 = Release|Any CPU
		{6EC69BD8-DEAB-4005-82AA-D5B799E74FA8}.Debug|Any CPU.ActiveCfg = Debug|Any CPU
		{6EC69BD8-DEAB-4005-82AA-D5B799E74FA8}.Debug|Any CPU.Build.0 = Debug|Any CPU
		{6EC69BD8-DEAB-4005-82AA-D5B799E74FA8}.Release|Any CPU.ActiveCfg = Release|Any CPU
		{6EC69BD8-DEAB-4005-82AA-D5B799E74FA8}.Release|Any CPU.Build.0 = Release|Any CPU
		{6E76F86A-E477-4CDC-9626-E01E071AA9B2}.Debug|Any CPU.ActiveCfg = Debug|Any CPU
		{6E76F86A-E477-4CDC-9626-E01E071AA9B2}.Debug|Any CPU.Build.0 = Debug|Any CPU
		{6E76F86A-E477-4CDC-9626-E01E071AA9B2}.Release|Any CPU.ActiveCfg = Release|Any CPU
		{6E76F86A-E477-4CDC-9626-E01E071AA9B2}.Release|Any CPU.Build.0 = Release|Any CPU
		{41C9DF01-576C-40DD-A859-488C42D68D37}.Debug|Any CPU.ActiveCfg = Debug|Any CPU
		{41C9DF01-576C-40DD-A859-488C42D68D37}.Debug|Any CPU.Build.0 = Debug|Any CPU
		{41C9DF01-576C-40DD-A859-488C42D68D37}.Release|Any CPU.ActiveCfg = Release|Any CPU
		{41C9DF01-576C-40DD-A859-488C42D68D37}.Release|Any CPU.Build.0 = Release|Any CPU
	EndGlobalSection
	GlobalSection(SolutionProperties) = preSolution
		HideSolutionNode = FALSE
	EndGlobalSection
	GlobalSection(ExtensibilityGlobals) = postSolution
		SolutionGuid = {EEB2AE9E-1723-47A8-80E3-2F2CEBC63905}
	EndGlobalSection
EndGlobal
